{
  "name": "typescript-node-starter",
  "version": "1.0.0",
  "lockfileVersion": 1,
  "requires": true,
  "dependencies": {
    "@types/node": {
      "version": "12.6.2",
      "resolved": "https://purecloud.jfrog.io/purecloud/api/npm/inin-internal-npm/@types/node/-/node-12.6.2.tgz",
      "integrity": "sha1-pczsartgYNXyDSVvsD7XQ+l3SZk="
    },
    "prettier": {
      "version": "1.18.2",
      "resolved": "https://purecloud.jfrog.io/purecloud/api/npm/inin-internal-npm/prettier/-/prettier-1.18.2.tgz",
      "integrity": "sha1-aCPnxZAAF7S9Os9G/prEtNe9qeo=",
      "dev": true
    },
    "typescript": {
      "version": "3.5.3",
      "resolved": "https://purecloud.jfrog.io/purecloud/api/npm/inin-internal-npm/typescript/-/typescript-3.5.3.tgz",
      "integrity": "sha1-yDD2V/k/HqhGgZ6SkJL1/lmD6Xc=",
      "dev": true
    }
  }
}
